// !$*UTF8*$!
{
	archiveVersion = 1;
	classes = {
	};
	objectVersion = 56;
	objects = {

/* Begin PBXBuildFile section */
		B40EFB6F2B34DF4300DE023E /* Collections in Frameworks */ = {isa = PBXBuildFile; productRef = B40EFB6E2B34DF4300DE023E /* Collections */; };
		B40EFB712B34DF4300DE023E /* DequeModule in Frameworks */ = {isa = PBXBuildFile; productRef = B40EFB702B34DF4300DE023E /* DequeModule */; };
		B40EFB732B34DF4300DE023E /* OrderedCollections in Frameworks */ = {isa = PBXBuildFile; productRef = B40EFB722B34DF4300DE023E /* OrderedCollections */; };
		B44C4EE22B2CC1D000711A81 /* HackerNewsApp.swift in Sources */ = {isa = PBXBuildFile; fileRef = B44C4EE12B2CC1D000711A81 /* HackerNewsApp.swift */; };
		B44C4EE42B2CC1D000711A81 /* HackerNewsViewController.swift in Sources */ = {isa = PBXBuildFile; fileRef = B44C4EE32B2CC1D000711A81 /* HackerNewsViewController.swift */; };
		B44C4EE62B2CC1D100711A81 /* Assets.xcassets in Resources */ = {isa = PBXBuildFile; fileRef = B44C4EE52B2CC1D100711A81 /* Assets.xcassets */; };
		B44C4EE92B2CC1D100711A81 /* Preview Assets.xcassets in Resources */ = {isa = PBXBuildFile; fileRef = B44C4EE82B2CC1D100711A81 /* Preview Assets.xcassets */; };
		B44C4EF22B2CC1DC00711A81 /* DiffableUI in Frameworks */ = {isa = PBXBuildFile; productRef = B44C4EF12B2CC1DC00711A81 /* DiffableUI */; };
		B44C4EF42B2CD8F700711A81 /* News.swift in Sources */ = {isa = PBXBuildFile; fileRef = B44C4EF32B2CD8F700711A81 /* News.swift */; };
/* End PBXBuildFile section */

/* Begin PBXFileReference section */
		B44C4EDE2B2CC1D000711A81 /* HackerNews.app */ = {isa = PBXFileReference; explicitFileType = wrapper.application; includeInIndex = 0; path = HackerNews.app; sourceTree = BUILT_PRODUCTS_DIR; };
		B44C4EE12B2CC1D000711A81 /* HackerNewsApp.swift */ = {isa = PBXFileReference; lastKnownFileType = sourcecode.swift; path = HackerNewsApp.swift; sourceTree = "<group>"; };
		B44C4EE32B2CC1D000711A81 /* HackerNewsViewController.swift */ = {isa = PBXFileReference; lastKnownFileType = sourcecode.swift; path = HackerNewsViewController.swift; sourceTree = "<group>"; };
		B44C4EE52B2CC1D100711A81 /* Assets.xcassets */ = {isa = PBXFileReference; lastKnownFileType = folder.assetcatalog; path = Assets.xcassets; sourceTree = "<group>"; };
		B44C4EE82B2CC1D100711A81 /* Preview Assets.xcassets */ = {isa = PBXFileReference; lastKnownFileType = folder.assetcatalog; path = "Preview Assets.xcassets"; sourceTree = "<group>"; };
		B44C4EEF2B2CC1D700711A81 /* Info.plist */ = {isa = PBXFileReference; lastKnownFileType = text.plist; path = Info.plist; sourceTree = "<group>"; };
		B44C4EF32B2CD8F700711A81 /* News.swift */ = {isa = PBXFileReference; lastKnownFileType = sourcecode.swift; path = News.swift; sourceTree = "<group>"; };
/* End PBXFileReference section */

/* Begin PBXFrameworksBuildPhase section */
		B44C4EDB2B2CC1D000711A81 /* Frameworks */ = {
			isa = PBXFrameworksBuildPhase;
			buildActionMask = 2147483647;
			files = (
				B40EFB6F2B34DF4300DE023E /* Collections in Frameworks */,
				B44C4EF22B2CC1DC00711A81 /* DiffableUI in Frameworks */,
				B40EFB732B34DF4300DE023E /* OrderedCollections in Frameworks */,
				B40EFB712B34DF4300DE023E /* DequeModule in Frameworks */,
			);
			runOnlyForDeploymentPostprocessing = 0;
		};
/* End PBXFrameworksBuildPhase section */

/* Begin PBXGroup section */
		B44C4ED52B2CC1D000711A81 = {
			isa = PBXGroup;
			children = (
				B44C4EE02B2CC1D000711A81 /* HackerNews */,
				B44C4EDF2B2CC1D000711A81 /* Products */,
				B44C4EF02B2CC1DC00711A81 /* Frameworks */,
			);
			sourceTree = "<group>";
		};
		B44C4EDF2B2CC1D000711A81 /* Products */ = {
			isa = PBXGroup;
			children = (
				B44C4EDE2B2CC1D000711A81 /* HackerNews.app */,
			);
			name = Products;
			sourceTree = "<group>";
		};
		B44C4EE02B2CC1D000711A81 /* HackerNews */ = {
			isa = PBXGroup;
			children = (
				B44C4EEF2B2CC1D700711A81 /* Info.plist */,
				B44C4EE12B2CC1D000711A81 /* HackerNewsApp.swift */,
				B44C4EE32B2CC1D000711A81 /* HackerNewsViewController.swift */,
				B44C4EF32B2CD8F700711A81 /* News.swift */,
				B44C4EE52B2CC1D100711A81 /* Assets.xcassets */,
				B44C4EE72B2CC1D100711A81 /* Preview Content */,
			);
			path = HackerNews;
			sourceTree = "<group>";
		};
		B44C4EE72B2CC1D100711A81 /* Preview Content */ = {
			isa = PBXGroup;
			children = (
				B44C4EE82B2CC1D100711A81 /* Preview Assets.xcassets */,
			);
			path = "Preview Content";
			sourceTree = "<group>";
		};
		B44C4EF02B2CC1DC00711A81 /* Frameworks */ = {
			isa = PBXGroup;
			children = (
			);
			name = Frameworks;
			sourceTree = "<group>";
		};
/* End PBXGroup section */

/* Begin PBXNativeTarget section */
		B44C4EDD2B2CC1D000711A81 /* HackerNews */ = {
			isa = PBXNativeTarget;
			buildConfigurationList = B44C4EEC2B2CC1D100711A81 /* Build configuration list for PBXNativeTarget "HackerNews" */;
			buildPhases = (
				B44C4EDA2B2CC1D000711A81 /* Sources */,
				B44C4EDB2B2CC1D000711A81 /* Frameworks */,
				B44C4EDC2B2CC1D000711A81 /* Resources */,
			);
			buildRules = (
			);
			dependencies = (
			);
			name = HackerNews;
			packageProductDependencies = (
				B44C4EF12B2CC1DC00711A81 /* DiffableUI */,
				B40EFB6E2B34DF4300DE023E /* Collections */,
				B40EFB702B34DF4300DE023E /* DequeModule */,
				B40EFB722B34DF4300DE023E /* OrderedCollections */,
			);
			productName = HackerNews;
			productReference = B44C4EDE2B2CC1D000711A81 /* HackerNews.app */;
			productType = "com.apple.product-type.application";
		};
/* End PBXNativeTarget section */

/* Begin PBXProject section */
		B44C4ED62B2CC1D000711A81 /* Project object */ = {
			isa = PBXProject;
			attributes = {
				BuildIndependentTargetsInParallel = 1;
				LastSwiftUpdateCheck = 1500;
				LastUpgradeCheck = 1500;
				TargetAttributes = {
					B44C4EDD2B2CC1D000711A81 = {
						CreatedOnToolsVersion = 15.0;
					};
				};
			};
			buildConfigurationList = B44C4ED92B2CC1D000711A81 /* Build configuration list for PBXProject "HackerNews" */;
			compatibilityVersion = "Xcode 14.0";
			developmentRegion = en;
			hasScannedForEncodings = 0;
			knownRegions = (
				en,
				Base,
			);
			mainGroup = B44C4ED52B2CC1D000711A81;
			packageReferences = (
				B40EFB6D2B34DF4300DE023E /* XCRemoteSwiftPackageReference "swift-collections" */,
			);
			productRefGroup = B44C4EDF2B2CC1D000711A81 /* Products */;
			projectDirPath = "";
			projectRoot = "";
			targets = (
				B44C4EDD2B2CC1D000711A81 /* HackerNews */,
			);
		};
/* End PBXProject section */

/* Begin PBXResourcesBuildPhase section */
		B44C4EDC2B2CC1D000711A81 /* Resources */ = {
			isa = PBXResourcesBuildPhase;
			buildActionMask = 2147483647;
			files = (
				B44C4EE92B2CC1D100711A81 /* Preview Assets.xcassets in Resources */,
				B44C4EE62B2CC1D100711A81 /* Assets.xcassets in Resources */,
			);
			runOnlyForDeploymentPostprocessing = 0;
		};
/* End PBXResourcesBuildPhase section */

/* Begin PBXSourcesBuildPhase section */
		B44C4EDA2B2CC1D000711A81 /* Sources */ = {
			isa = PBXSourcesBuildPhase;
			buildActionMask = 2147483647;
			files = (
				B44C4EE42B2CC1D000711A81 /* HackerNewsViewController.swift in Sources */,
				B44C4EF42B2CD8F700711A81 /* News.swift in Sources */,
				B44C4EE22B2CC1D000711A81 /* HackerNewsApp.swift in Sources */,
			);
			runOnlyForDeploymentPostprocessing = 0;
		};
/* End PBXSourcesBuildPhase section */

/* Begin XCBuildConfiguration section */
		B44C4EEA2B2CC1D100711A81 /* Debug */ = {
			isa = XCBuildConfiguration;
			buildSettings = {
				ALWAYS_SEARCH_USER_PATHS = NO;
				ASSETCATALOG_COMPILER_GENERATE_SWIFT_ASSET_SYMBOL_EXTENSIONS = YES;
				CLANG_ANALYZER_NONNULL = YES;
				CLANG_ANALYZER_NUMBER_OBJECT_CONVERSION = YES_AGGRESSIVE;
				CLANG_CXX_LANGUAGE_STANDARD = "gnu++20";
				CLANG_ENABLE_MODULES = YES;
				CLANG_ENABLE_OBJC_ARC = YES;
				CLANG_ENABLE_OBJC_WEAK = YES;
				CLANG_WARN_BLOCK_CAPTURE_AUTORELEASING = YES;
				CLANG_WARN_BOOL_CONVERSION = YES;
				CLANG_WARN_COMMA = YES;
				CLANG_WARN_CONSTANT_CONVERSION = YES;
				CLANG_WARN_DEPRECATED_OBJC_IMPLEMENTATIONS = YES;
				CLANG_WARN_DIRECT_OBJC_ISA_USAGE = YES_ERROR;
				CLANG_WARN_DOCUMENTATION_COMMENTS = YES;
				CLANG_WARN_EMPTY_BODY = YES;
				CLANG_WARN_ENUM_CONVERSION = YES;
				CLANG_WARN_INFINITE_RECURSION = YES;
				CLANG_WARN_INT_CONVERSION = YES;
				CLANG_WARN_NON_LITERAL_NULL_CONVERSION = YES;
				CLANG_WARN_OBJC_IMPLICIT_RETAIN_SELF = YES;
				CLANG_WARN_OBJC_LITERAL_CONVERSION = YES;
				CLANG_WARN_OBJC_ROOT_CLASS = YES_ERROR;
				CLANG_WARN_QUOTED_INCLUDE_IN_FRAMEWORK_HEADER = YES;
				CLANG_WARN_RANGE_LOOP_ANALYSIS = YES;
				CLANG_WARN_STRICT_PROTOTYPES = YES;
				CLANG_WARN_SUSPICIOUS_MOVE = YES;
				CLANG_WARN_UNGUARDED_AVAILABILITY = YES_AGGRESSIVE;
				CLANG_WARN_UNREACHABLE_CODE = YES;
				CLANG_WARN__DUPLICATE_METHOD_MATCH = YES;
				COPY_PHASE_STRIP = NO;
				DEBUG_INFORMATION_FORMAT = dwarf;
				ENABLE_STRICT_OBJC_MSGSEND = YES;
				ENABLE_TESTABILITY = YES;
				ENABLE_USER_SCRIPT_SANDBOXING = YES;
				GCC_C_LANGUAGE_STANDARD = gnu17;
				GCC_DYNAMIC_NO_PIC = NO;
				GCC_NO_COMMON_BLOCKS = YES;
				GCC_OPTIMIZATION_LEVEL = 0;
				GCC_PREPROCESSOR_DEFINITIONS = (
					"DEBUG=1",
					"$(inherited)",
				);
				GCC_WARN_64_TO_32_BIT_CONVERSION = YES;
				GCC_WARN_ABOUT_RETURN_TYPE = YES_ERROR;
				GCC_WARN_UNDECLARED_SELECTOR = YES;
				GCC_WARN_UNINITIALIZED_AUTOS = YES_AGGRESSIVE;
				GCC_WARN_UNUSED_FUNCTION = YES;
				GCC_WARN_UNUSED_VARIABLE = YES;
				IPHONEOS_DEPLOYMENT_TARGET = 17.0;
				LOCALIZATION_PREFERS_STRING_CATALOGS = YES;
				MTL_ENABLE_DEBUG_INFO = INCLUDE_SOURCE;
				MTL_FAST_MATH = YES;
				ONLY_ACTIVE_ARCH = YES;
				SDKROOT = iphoneos;
				SWIFT_ACTIVE_COMPILATION_CONDITIONS = "DEBUG $(inherited)";
				SWIFT_OPTIMIZATION_LEVEL = "-Onone";
			};
			name = Debug;
		};
		B44C4EEB2B2CC1D100711A81 /* Release */ = {
			isa = XCBuildConfiguration;
			buildSettings = {
				ALWAYS_SEARCH_USER_PATHS = NO;
				ASSETCATALOG_COMPILER_GENERATE_SWIFT_ASSET_SYMBOL_EXTENSIONS = YES;
				CLANG_ANALYZER_NONNULL = YES;
				CLANG_ANALYZER_NUMBER_OBJECT_CONVERSION = YES_AGGRESSIVE;
				CLANG_CXX_LANGUAGE_STANDARD = "gnu++20";
				CLANG_ENABLE_MODULES = YES;
				CLANG_ENABLE_OBJC_ARC = YES;
				CLANG_ENABLE_OBJC_WEAK = YES;
				CLANG_WARN_BLOCK_CAPTURE_AUTORELEASING = YES;
				CLANG_WARN_BOOL_CONVERSION = YES;
				CLANG_WARN_COMMA = YES;
				CLANG_WARN_CONSTANT_CONVERSION = YES;
				CLANG_WARN_DEPRECATED_OBJC_IMPLEMENTATIONS = YES;
				CLANG_WARN_DIRECT_OBJC_ISA_USAGE = YES_ERROR;
				CLANG_WARN_DOCUMENTATION_COMMENTS = YES;
				CLANG_WARN_EMPTY_BODY = YES;
				CLANG_WARN_ENUM_CONVERSION = YES;
				CLANG_WARN_INFINITE_RECURSION = YES;
				CLANG_WARN_INT_CONVERSION = YES;
				CLANG_WARN_NON_LITERAL_NULL_CONVERSION = YES;
				CLANG_WARN_OBJC_IMPLICIT_RETAIN_SELF = YES;
				CLANG_WARN_OBJC_LITERAL_CONVERSION = YES;
				CLANG_WARN_OBJC_ROOT_CLASS = YES_ERROR;
				CLANG_WARN_QUOTED_INCLUDE_IN_FRAMEWORK_HEADER = YES;
				CLANG_WARN_RANGE_LOOP_ANALYSIS = YES;
				CLANG_WARN_STRICT_PROTOTYPES = YES;
				CLANG_WARN_SUSPICIOUS_MOVE = YES;
				CLANG_WARN_UNGUARDED_AVAILABILITY = YES_AGGRESSIVE;
				CLANG_WARN_UNREACHABLE_CODE = YES;
				CLANG_WARN__DUPLICATE_METHOD_MATCH = YES;
				COPY_PHASE_STRIP = NO;
				DEBUG_INFORMATION_FORMAT = "dwarf-with-dsym";
				ENABLE_NS_ASSERTIONS = NO;
				ENABLE_STRICT_OBJC_MSGSEND = YES;
				ENABLE_USER_SCRIPT_SANDBOXING = YES;
				GCC_C_LANGUAGE_STANDARD = gnu17;
				GCC_NO_COMMON_BLOCKS = YES;
				GCC_WARN_64_TO_32_BIT_CONVERSION = YES;
				GCC_WARN_ABOUT_RETURN_TYPE = YES_ERROR;
				GCC_WARN_UNDECLARED_SELECTOR = YES;
				GCC_WARN_UNINITIALIZED_AUTOS = YES_AGGRESSIVE;
				GCC_WARN_UNUSED_FUNCTION = YES;
				GCC_WARN_UNUSED_VARIABLE = YES;
				IPHONEOS_DEPLOYMENT_TARGET = 17.0;
				LOCALIZATION_PREFERS_STRING_CATALOGS = YES;
				MTL_ENABLE_DEBUG_INFO = NO;
				MTL_FAST_MATH = YES;
				SDKROOT = iphoneos;
				SWIFT_COMPILATION_MODE = wholemodule;
				VALIDATE_PRODUCT = YES;
			};
			name = Release;
		};
		B44C4EED2B2CC1D100711A81 /* Debug */ = {
			isa = XCBuildConfiguration;
			buildSettings = {
				ASSETCATALOG_COMPILER_APPICON_NAME = AppIcon;
				ASSETCATALOG_COMPILER_GLOBAL_ACCENT_COLOR_NAME = AccentColor;
				CODE_SIGN_STYLE = Automatic;
				CURRENT_PROJECT_VERSION = 1;
				DEVELOPMENT_ASSET_PATHS = "\"HackerNews/Preview Content\"";
				DEVELOPMENT_TEAM = UQCQ667RNK;
				ENABLE_PREVIEWS = YES;
				GENERATE_INFOPLIST_FILE = YES;
				INFOPLIST_FILE = HackerNews/Info.plist;
				INFOPLIST_KEY_UIApplicationSceneManifest_Generation = YES;
				INFOPLIST_KEY_UIApplicationSupportsIndirectInputEvents = YES;
				INFOPLIST_KEY_UILaunchScreen_Generation = YES;
				INFOPLIST_KEY_UISupportedInterfaceOrientations_iPad = "UIInterfaceOrientationPortrait UIInterfaceOrientationPortraitUpsideDown UIInterfaceOrientationLandscapeLeft UIInterfaceOrientationLandscapeRight";
				INFOPLIST_KEY_UISupportedInterfaceOrientations_iPhone = "UIInterfaceOrientationPortrait UIInterfaceOrientationLandscapeLeft UIInterfaceOrientationLandscapeRight";
				IPHONEOS_DEPLOYMENT_TARGET = 16.0;
				LD_RUNPATH_SEARCH_PATHS = (
					"$(inherited)",
					"@executable_path/Frameworks",
				);
				MARKETING_VERSION = 1.0;
				PRODUCT_BUNDLE_IDENTIFIER = me.mauriciocardozo.HackerNews;
				PRODUCT_NAME = "$(TARGET_NAME)";
				SWIFT_EMIT_LOC_STRINGS = YES;
				SWIFT_VERSION = 5.0;
				TARGETED_DEVICE_FAMILY = "1,2";
			};
			name = Debug;
		};
		B44C4EEE2B2CC1D100711A81 /* Release */ = {
			isa = XCBuildConfiguration;
			buildSettings = {
				ASSETCATALOG_COMPILER_APPICON_NAME = AppIcon;
				ASSETCATALOG_COMPILER_GLOBAL_ACCENT_COLOR_NAME = AccentColor;
				CODE_SIGN_STYLE = Automatic;
				CURRENT_PROJECT_VERSION = 1;
				DEVELOPMENT_ASSET_PATHS = "\"HackerNews/Preview Content\"";
				DEVELOPMENT_TEAM = UQCQ667RNK;
				ENABLE_PREVIEWS = YES;
				GENERATE_INFOPLIST_FILE = YES;
				INFOPLIST_FILE = HackerNews/Info.plist;
				INFOPLIST_KEY_UIApplicationSceneManifest_Generation = YES;
				INFOPLIST_KEY_UIApplicationSupportsIndirectInputEvents = YES;
				INFOPLIST_KEY_UILaunchScreen_Generation = YES;
				INFOPLIST_KEY_UISupportedInterfaceOrientations_iPad = "UIInterfaceOrientationPortrait UIInterfaceOrientationPortraitUpsideDown UIInterfaceOrientationLandscapeLeft UIInterfaceOrientationLandscapeRight";
				INFOPLIST_KEY_UISupportedInterfaceOrientations_iPhone = "UIInterfaceOrientationPortrait UIInterfaceOrientationLandscapeLeft UIInterfaceOrientationLandscapeRight";
				IPHONEOS_DEPLOYMENT_TARGET = 16.0;
				LD_RUNPATH_SEARCH_PATHS = (
					"$(inherited)",
					"@executable_path/Frameworks",
				);
				MARKETING_VERSION = 1.0;
				PRODUCT_BUNDLE_IDENTIFIER = me.mauriciocardozo.HackerNews;
				PRODUCT_NAME = "$(TARGET_NAME)";
				SWIFT_EMIT_LOC_STRINGS = YES;
				SWIFT_VERSION = 5.0;
				TARGETED_DEVICE_FAMILY = "1,2";
			};
			name = Release;
		};
/* End XCBuildConfiguration section */

/* Begin XCConfigurationList section */
		B44C4ED92B2CC1D000711A81 /* Build configuration list for PBXProject "HackerNews" */ = {
			isa = XCConfigurationList;
			buildConfigurations = (
				B44C4EEA2B2CC1D100711A81 /* Debug */,
				B44C4EEB2B2CC1D100711A81 /* Release */,
			);
			defaultConfigurationIsVisible = 0;
			defaultConfigurationName = Release;
		};
		B44C4EEC2B2CC1D100711A81 /* Build configuration list for PBXNativeTarget "HackerNews" */ = {
			isa = XCConfigurationList;
			buildConfigurations = (
				B44C4EED2B2CC1D100711A81 /* Debug */,
				B44C4EEE2B2CC1D100711A81 /* Release */,
			);
			defaultConfigurationIsVisible = 0;
			defaultConfigurationName = Release;
		};
/* End XCConfigurationList section */

/* Begin XCRemoteSwiftPackageReference section */
		B40EFB6D2B34DF4300DE023E /* XCRemoteSwiftPackageReference "swift-collections" */ = {
			isa = XCRemoteSwiftPackageReference;
			repositoryURL = "https://github.com/apple/swift-collections.git";
			requirement = {
				kind = upToNextMajorVersion;
				minimumVersion = 1.0.6;
			};
		};
/* End XCRemoteSwiftPackageReference section */

/* Begin XCSwiftPackageProductDependency section */
		B40EFB6E2B34DF4300DE023E /* Collections */ = {
			isa = XCSwiftPackageProductDependency;
			package = B40EFB6D2B34DF4300DE023E /* XCRemoteSwiftPackageReference "swift-collections" */;
			productName = Collections;
		};
		B40EFB702B34DF4300DE023E /* DequeModule */ = {
			isa = XCSwiftPackageProductDependency;
			package = B40EFB6D2B34DF4300DE023E /* XCRemoteSwiftPackageReference "swift-collections" */;
			productName = DequeModule;
		};
		B40EFB722B34DF4300DE023E /* OrderedCollections */ = {
			isa = XCSwiftPackageProductDependency;
			package = B40EFB6D2B34DF4300DE023E /* XCRemoteSwiftPackageReference "swift-collections" */;
			productName = OrderedCollections;
		};
		B44C4EF12B2CC1DC00711A81 /* DiffableUI */ = {
			isa = XCSwiftPackageProductDependency;
			productName = DiffableUI;
		};
/* End XCSwiftPackageProductDependency section */
	};
	rootObject = B44C4ED62B2CC1D000711A81 /* Project object */;
}
